
Microsoft Visual Studio Solution File, Format Version 12.00
# Visual Studio 2012
Project("{FAE04EC0-301F-11D3-BF4B-00C04F79EFBC}") = "Launcher_App", "Launcher_App\Launcher_App.csproj", "{934e320d-e807-46db-94dd-c667083ce7ca}"
EndProject
Project("{FAE04EC0-301F-11D3-BF4B-00C04F79EFBC}") = "Launcher_Lib", "Launcher_Lib\Launcher_Lib.csproj", "{76c3eb31-7aca-4d1b-a953-30db739845f2}"
EndProject
Project("{FAE04EC0-301F-11D3-BF4B-00C04F79EFBC}") = "Lib_Rsc", "Lib_Rsc\Lib_Rsc.csproj", "{3cc7f203-4366-422c-a706-e37a527aec36}"
EndProject
Project("{FAE04EC0-301F-11D3-BF4B-00C04F79EFBC}") = "Launcher_Agent", "Launcher_Agent\Launcher_Agent.csproj", "{eae5fea6-6290-4143-8dcf-3b0ec6b3f956}"
EndProject
Project("{FAE04EC0-301F-11D3-BF4B-00C04F79EFBC}") = "RscIeV10", "RscIeV10\RscIeV10.csproj", "{679e82e2-9588-44c5-9252-565e0d1b0cc5}"
EndProject
Project("{FAE04EC0-301F-11D3-BF4B-00C04F79EFBC}") = "Lib_RscIPgC", "Lib_RscIPgC\Lib_RscIPgC.csproj", "{4e3cedcb-e310-45ce-931d-01c8f50ddace}"
EndProject
Project("{FAE04EC0-301F-11D3-BF4B-00C04F79EFBC}") = "RscLearnXamlV10", "RscLearnXamlV10\RscLearnXamlV10.csproj", "{4aa8f47a-240f-4099-b295-e8d00cfa0209}"
EndProject
Project("{FAE04EC0-301F-11D3-BF4B-00C04F79EFBC}") = "Lib_RscFrmWrk", "Lib_RscFrmWrk\Lib_RscFrmWrk.csproj", "{1d71fefd-12fd-4986-9e04-575a8d689f75}"
EndProject
Project("{FAE04EC0-301F-11D3-BF4B-00C04F79EFBC}") = "Lib_RscIPgC_Dlgs", "Lib_RscIPgC_Dlgs\Lib_RscIPgC_Dlgs.csproj", "{35592da3-e2f5-480f-82ed-496b2ef4f1f4}"
EndProject
Project("{FAE04EC0-301F-11D3-BF4B-00C04F79EFBC}") = "Lib_RscViewers", "Lib_RscViewers\Lib_RscViewers.csproj", "{2d88b41f-ab20-4376-89c1-83cc6e8cf15a}"
EndProject
Project("{FAE04EC0-301F-11D3-BF4B-00C04F79EFBC}") = "Lib_RscStore", "Lib_RscStore\Lib_RscStore.csproj", "{a2ad908a-8142-480b-809f-9151a176ee5f}"
EndProject
Project("{FAE04EC0-301F-11D3-BF4B-00C04F79EFBC}") = "Lib_RscSettings", "Lib_RscSettings\Lib_RscSettings.csproj", "{eabb651f-0f58-4fce-accb-f51d65de497d}"
EndProject
Project("{FAE04EC0-301F-11D3-BF4B-00C04F79EFBC}") = "RscDC", "RscDC\RscDC.csproj", "{2690b834-bb7d-4402-b883-d6af757c95ed}"
EndProject
Project("{FAE04EC0-301F-11D3-BF4B-00C04F79EFBC}") = "Lib_RscEx", "Lib_RscEx\Lib_RscEx.csproj", "{bbf65a79-01a6-4b6c-86a5-de38555b0339}"
EndProject
Project("{FAE04EC0-301F-11D3-BF4B-00C04F79EFBC}") = "AudioPlaybackAgent", "AudioPlaybackAgent\AudioPlaybackAgent.csproj", "{39fedd8f-3200-410f-a21a-77c286f273e6}"
EndProject
Project("{FAE04EC0-301F-11D3-BF4B-00C04F79EFBC}") = "Lib_RscFtp", "Lib_RscFtp\Lib_RscFtp.csproj", "{647989ea-055c-4887-af15-45bbcb588b44}"
EndProject
Project("{FAE04EC0-301F-11D3-BF4B-00C04F79EFBC}") = "RscFtpClients", "RscFtpClients\RscFtpClients.csproj", "{8563aeb7-2019-42e8-82d0-3d79f5cd1e65}"
EndProject
Project("{FAE04EC0-301F-11D3-BF4B-00C04F79EFBC}") = "RscXtests", "RscXtests\RscXtests.csproj", "{3bf2149d-021b-4653-af41-02ef326fab3e}"
EndProject
Project("{FAE04EC0-301F-11D3-BF4B-00C04F79EFBC}") = "Lib_RscExtensions", "Lib_RscExtensions\Lib_RscExtensions.csproj", "{489b9a8c-7109-449c-b16f-600f72032281}"
EndProject
Project("{FAE04EC0-301F-11D3-BF4B-00C04F79EFBC}") = "RscXobsolotes", "RscXobsolotes\RscXobsolotes.csproj", "{0ba5a67c-d727-4669-a61d-77e290f8cb56}"
EndProject
Project("{FAE04EC0-301F-11D3-BF4B-00C04F79EFBC}") = "Lib_OsGrade", "Lib_OsGrade\Lib_OsGrade.csproj", "{0ad48029-ec3a-4e45-b318-2ce2f420030d}"
EndProject
Project("{FAE04EC0-301F-11D3-BF4B-00C04F79EFBC}") = "Lib_RscFormats", "Lib_RscFormats\Lib_RscFormats.csproj", "{d5d7da78-5fff-4982-9406-27f1d5e663ca}"
EndProject
Project("{FAE04EC0-301F-11D3-BF4B-00C04F79EFBC}") = "Launcher_AppMini", "Launcher_AppMini\Launcher_AppMini.csproj", "{e603a3eb-391e-46c4-a880-123fd73c346e}"
EndProject
Global
	GlobalSection(SolutionConfigurationPlatforms) = preSolution
		Debug|Any CPU = Debug|Any CPU
		Release|Any CPU = Release|Any CPU
	EndGlobalSection
	GlobalSection(ProjectConfigurationPlatforms) = postSolution
		{0AD48029-EC3A-4E45-B318-2CE2F420030D}.Debug|Any CPU.ActiveCfg = Debug|Any CPU
		{0AD48029-EC3A-4E45-B318-2CE2F420030D}.Debug|Any CPU.Build.0 = Debug|Any CPU
		{0AD48029-EC3A-4E45-B318-2CE2F420030D}.Debug|Any CPU.Deploy.0 = Debug|Any CPU
		{0AD48029-EC3A-4E45-B318-2CE2F420030D}.Release|Any CPU.ActiveCfg = Release|Any CPU
		{0AD48029-EC3A-4E45-B318-2CE2F420030D}.Release|Any CPU.Build.0 = Release|Any CPU
		{0AD48029-EC3A-4E45-B318-2CE2F420030D}.Release|Any CPU.Deploy.0 = Release|Any CPU
		{0BA5A67C-D727-4669-A61D-77E290F8CB56}.Debug|Any CPU.ActiveCfg = Debug|Any CPU
		{0BA5A67C-D727-4669-A61D-77E290F8CB56}.Debug|Any CPU.Build.0 = Debug|Any CPU
		{0BA5A67C-D727-4669-A61D-77E290F8CB56}.Debug|Any CPU.Deploy.0 = Debug|Any CPU
		{0BA5A67C-D727-4669-A61D-77E290F8CB56}.Release|Any CPU.ActiveCfg = Release|Any CPU
		{0BA5A67C-D727-4669-A61D-77E290F8CB56}.Release|Any CPU.Build.0 = Release|Any CPU
		{0BA5A67C-D727-4669-A61D-77E290F8CB56}.Release|Any CPU.Deploy.0 = Release|Any CPU
		{1D71FEFD-12FD-4986-9E04-575A8D689F75}.Debug|Any CPU.ActiveCfg = Debug|Any CPU
		{1D71FEFD-12FD-4986-9E04-575A8D689F75}.Debug|Any CPU.Build.0 = Debug|Any CPU
		{1D71FEFD-12FD-4986-9E04-575A8D689F75}.Debug|Any CPU.Deploy.0 = Debug|Any CPU
		{1D71FEFD-12FD-4986-9E04-575A8D689F75}.Release|Any CPU.ActiveCfg = Release|Any CPU
		{1D71FEFD-12FD-4986-9E04-575A8D689F75}.Release|Any CPU.Build.0 = Release|Any CPU
		{1D71FEFD-12FD-4986-9E04-575A8D689F75}.Release|Any CPU.Deploy.0 = Release|Any CPU
		{2690B834-BB7D-4402-B883-D6AF757C95ED}.Debug|Any CPU.ActiveCfg = Debug|Any CPU
		{2690B834-BB7D-4402-B883-D6AF757C95ED}.Debug|Any CPU.Build.0 = Debug|Any CPU
		{2690B834-BB7D-4402-B883-D6AF757C95ED}.Debug|Any CPU.Deploy.0 = Debug|Any CPU
		{2690B834-BB7D-4402-B883-D6AF757C95ED}.Release|Any CPU.ActiveCfg = Release|Any CPU
		{2690B834-BB7D-4402-B883-D6AF757C95ED}.Release|Any CPU.Build.0 = Release|Any CPU
		{2690B834-BB7D-4402-B883-D6AF757C95ED}.Release|Any CPU.Deploy.0 = Release|Any CPU
		{2D88B41F-AB20-4376-89C1-83CC6E8CF15A}.Debug|Any CPU.ActiveCfg = Debug|Any CPU
		{2D88B41F-AB20-4376-89C1-83CC6E8CF15A}.Debug|Any CPU.Build.0 = Debug|Any CPU
		{2D88B41F-AB20-4376-89C1-83CC6E8CF15A}.Debug|Any CPU.Deploy.0 = Debug|Any CPU
		{2D88B41F-AB20-4376-89C1-83CC6E8CF15A}.Release|Any CPU.ActiveCfg = Release|Any CPU
		{2D88B41F-AB20-4376-89C1-83CC6E8CF15A}.Release|Any CPU.Build.0 = Release|Any CPU
		{2D88B41F-AB20-4376-89C1-83CC6E8CF15A}.Release|Any CPU.Deploy.0 = Release|Any CPU
		{35592DA3-E2F5-480F-82ED-496B2EF4F1F4}.Debug|Any CPU.ActiveCfg = Debug|Any CPU
		{35592DA3-E2F5-480F-82ED-496B2EF4F1F4}.Debug|Any CPU.Build.0 = Debug|Any CPU
		{35592DA3-E2F5-480F-82ED-496B2EF4F1F4}.Debug|Any CPU.Deploy.0 = Debug|Any CPU
		{35592DA3-E2F5-480F-82ED-496B2EF4F1F4}.Release|Any CPU.ActiveCfg = Release|Any CPU
		{35592DA3-E2F5-480F-82ED-496B2EF4F1F4}.Release|Any CPU.Build.0 = Release|Any CPU
		{35592DA3-E2F5-480F-82ED-496B2EF4F1F4}.Release|Any CPU.Deploy.0 = Release|Any CPU
		{39FEDD8F-3200-410F-A21A-77C286F273E6}.Debug|Any CPU.ActiveCfg = Debug|Any CPU
		{39FEDD8F-3200-410F-A21A-77C286F273E6}.Debug|Any CPU.Build.0 = Debug|Any CPU
		{39FEDD8F-3200-410F-A21A-77C286F273E6}.Debug|Any CPU.Deploy.0 = Debug|Any CPU
		{39FEDD8F-3200-410F-A21A-77C286F273E6}.Release|Any CPU.ActiveCfg = Release|Any CPU
		{39FEDD8F-3200-410F-A21A-77C286F273E6}.Release|Any CPU.Build.0 = Release|Any CPU
		{39FEDD8F-3200-410F-A21A-77C286F273E6}.Release|Any CPU.Deploy.0 = Release|Any CPU
		{3BF2149D-021B-4653-AF41-02EF326FAB3E}.Debug|Any CPU.ActiveCfg = Debug|Any CPU
		{3BF2149D-021B-4653-AF41-02EF326FAB3E}.Debug|Any CPU.Build.0 = Debug|Any CPU
		{3BF2149D-021B-4653-AF41-02EF326FAB3E}.Debug|Any CPU.Deploy.0 = Debug|Any CPU
		{3BF2149D-021B-4653-AF41-02EF326FAB3E}.Release|Any CPU.ActiveCfg = Release|Any CPU
		{3BF2149D-021B-4653-AF41-02EF326FAB3E}.Release|Any CPU.Build.0 = Release|Any CPU
		{3BF2149D-021B-4653-AF41-02EF326FAB3E}.Release|Any CPU.Deploy.0 = Release|Any CPU
		{3CC7F203-4366-422C-A706-E37A527AEC36}.Debug|Any CPU.ActiveCfg = Debug|Any CPU
		{3CC7F203-4366-422C-A706-E37A527AEC36}.Debug|Any CPU.Build.0 = Debug|Any CPU
		{3CC7F203-4366-422C-A706-E37A527AEC36}.Debug|Any CPU.Deploy.0 = Debug|Any CPU
		{3CC7F203-4366-422C-A706-E37A527AEC36}.Release|Any CPU.ActiveCfg = Release|Any CPU
		{3CC7F203-4366-422C-A706-E37A527AEC36}.Release|Any CPU.Build.0 = Release|Any CPU
		{3CC7F203-4366-422C-A706-E37A527AEC36}.Release|Any CPU.Deploy.0 = Release|Any CPU
		{489B9A8C-7109-449C-B16F-600F72032281}.Debug|Any CPU.ActiveCfg = Debug|Any CPU
		{489B9A8C-7109-449C-B16F-600F72032281}.Debug|Any CPU.Build.0 = Debug|Any CPU
		{489B9A8C-7109-449C-B16F-600F72032281}.Debug|Any CPU.Deploy.0 = Debug|Any CPU
		{489B9A8C-7109-449C-B16F-600F72032281}.Release|Any CPU.ActiveCfg = Release|Any CPU
		{489B9A8C-7109-449C-B16F-600F72032281}.Release|Any CPU.Build.0 = Release|Any CPU
		{489B9A8C-7109-449C-B16F-600F72032281}.Release|Any CPU.Deploy.0 = Release|Any CPU
		{4AA8F47A-240F-4099-B295-E8D00CFA0209}.Debug|Any CPU.ActiveCfg = Debug|Any CPU
		{4AA8F47A-240F-4099-B295-E8D00CFA0209}.Debug|Any CPU.Build.0 = Debug|Any CPU
		{4AA8F47A-240F-4099-B295-E8D00CFA0209}.Debug|Any CPU.Deploy.0 = Debug|Any CPU
		{4AA8F47A-240F-4099-B295-E8D00CFA0209}.Release|Any CPU.ActiveCfg = Release|Any CPU
		{4AA8F47A-240F-4099-B295-E8D00CFA0209}.Release|Any CPU.Build.0 = Release|Any CPU
		{4AA8F47A-240F-4099-B295-E8D00CFA0209}.Release|Any CPU.Deploy.0 = Release|Any CPU
		{4E3CEDCB-E310-45CE-931D-01C8F50DDACE}.Debug|Any CPU.ActiveCfg = Debug|Any CPU
		{4E3CEDCB-E310-45CE-931D-01C8F50DDACE}.Debug|Any CPU.Build.0 = Debug|Any CPU
		{4E3CEDCB-E310-45CE-931D-01C8F50DDACE}.Debug|Any CPU.Deploy.0 = Debug|Any CPU
		{4E3CEDCB-E310-45CE-931D-01C8F50DDACE}.Release|Any CPU.ActiveCfg = Release|Any CPU
		{4E3CEDCB-E310-45CE-931D-01C8F50DDACE}.Release|Any CPU.Build.0 = Release|Any CPU
		{4E3CEDCB-E310-45CE-931D-01C8F50DDACE}.Release|Any CPU.Deploy.0 = Release|Any CPU
		{647989EA-055C-4887-AF15-45BBCB588B44}.Debug|Any CPU.ActiveCfg = Debug|Any CPU
		{647989EA-055C-4887-AF15-45BBCB588B44}.Debug|Any CPU.Build.0 = Debug|Any CPU
		{647989EA-055C-4887-AF15-45BBCB588B44}.Debug|Any CPU.Deploy.0 = Debug|Any CPU
		{647989EA-055C-4887-AF15-45BBCB588B44}.Release|Any CPU.ActiveCfg = Release|Any CPU
		{647989EA-055C-4887-AF15-45BBCB588B44}.Release|Any CPU.Build.0 = Release|Any CPU
		{647989EA-055C-4887-AF15-45BBCB588B44}.Release|Any CPU.Deploy.0 = Release|Any CPU
		{679E82E2-9588-44C5-9252-565E0D1B0CC5}.Debug|Any CPU.ActiveCfg = Debug|Any CPU
		{679E82E2-9588-44C5-9252-565E0D1B0CC5}.Debug|Any CPU.Build.0 = Debug|Any CPU
		{679E82E2-9588-44C5-9252-565E0D1B0CC5}.Debug|Any CPU.Deploy.0 = Debug|Any CPU
		{679E82E2-9588-44C5-9252-565E0D1B0CC5}.Release|Any CPU.ActiveCfg = Release|Any CPU
		{679E82E2-9588-44C5-9252-565E0D1B0CC5}.Release|Any CPU.Build.0 = Release|Any CPU
		{679E82E2-9588-44C5-9252-565E0D1B0CC5}.Release|Any CPU.Deploy.0 = Release|Any CPU
		{76C3EB31-7ACA-4D1B-A953-30DB739845F2}.Debug|Any CPU.ActiveCfg = Debug|Any CPU
		{76C3EB31-7ACA-4D1B-A953-30DB739845F2}.Debug|Any CPU.Build.0 = Debug|Any CPU
		{76C3EB31-7ACA-4D1B-A953-30DB739845F2}.Debug|Any CPU.Deploy.0 = Debug|Any CPU
		{76C3EB31-7ACA-4D1B-A953-30DB739845F2}.Release|Any CPU.ActiveCfg = Release|Any CPU
		{76C3EB31-7ACA-4D1B-A953-30DB739845F2}.Release|Any CPU.Build.0 = Release|Any CPU
		{76C3EB31-7ACA-4D1B-A953-30DB739845F2}.Release|Any CPU.Deploy.0 = Release|Any CPU
		{8563AEB7-2019-42E8-82D0-3D79F5CD1E65}.Debug|Any CPU.ActiveCfg = Debug|Any CPU
		{8563AEB7-2019-42E8-82D0-3D79F5CD1E65}.Debug|Any CPU.Build.0 = Debug|Any CPU
		{8563AEB7-2019-42E8-82D0-3D79F5CD1E65}.Debug|Any CPU.Deploy.0 = Debug|Any CPU
		{8563AEB7-2019-42E8-82D0-3D79F5CD1E65}.Release|Any CPU.ActiveCfg = Release|Any CPU
		{8563AEB7-2019-42E8-82D0-3D79F5CD1E65}.Release|Any CPU.Build.0 = Release|Any CPU
		{8563AEB7-2019-42E8-82D0-3D79F5CD1E65}.Release|Any CPU.Deploy.0 = Release|Any CPU
		{934E320D-E807-46DB-94DD-C667083CE7CA}.Debug|Any CPU.ActiveCfg = Debug|Any CPU
		{934E320D-E807-46DB-94DD-C667083CE7CA}.Debug|Any CPU.Build.0 = Debug|Any CPU
		{934E320D-E807-46DB-94DD-C667083CE7CA}.Debug|Any CPU.Deploy.0 = Debug|Any CPU
		{934E320D-E807-46DB-94DD-C667083CE7CA}.Release|Any CPU.ActiveCfg = Release|Any CPU
		{934E320D-E807-46DB-94DD-C667083CE7CA}.Release|Any CPU.Build.0 = Release|Any CPU
		{934E320D-E807-46DB-94DD-C667083CE7CA}.Release|Any CPU.Deploy.0 = Release|Any CPU
		{A2AD908A-8142-480B-809F-9151A176EE5F}.Debug|Any CPU.ActiveCfg = Debug|Any CPU
		{A2AD908A-8142-480B-809F-9151A176EE5F}.Debug|Any CPU.Build.0 = Debug|Any CPU
		{A2AD908A-8142-480B-809F-9151A176EE5F}.Debug|Any CPU.Deploy.0 = Debug|Any CPU
		{A2AD908A-8142-480B-809F-9151A176EE5F}.Release|Any CPU.ActiveCfg = Release|Any CPU
		{A2AD908A-8142-480B-809F-9151A176EE5F}.Release|Any CPU.Build.0 = Release|Any CPU
		{A2AD908A-8142-480B-809F-9151A176EE5F}.Release|Any CPU.Deploy.0 = Release|Any CPU
		{BBF65A79-01A6-4B6C-86A5-DE38555B0339}.Debug|Any CPU.ActiveCfg = Debug|Any CPU
		{BBF65A79-01A6-4B6C-86A5-DE38555B0339}.Debug|Any CPU.Build.0 = Debug|Any CPU
		{BBF65A79-01A6-4B6C-86A5-DE38555B0339}.Debug|Any CPU.Deploy.0 = Debug|Any CPU
		{BBF65A79-01A6-4B6C-86A5-DE38555B0339}.Release|Any CPU.ActiveCfg = Release|Any CPU
		{BBF65A79-01A6-4B6C-86A5-DE38555B0339}.Release|Any CPU.Build.0 = Release|Any CPU
		{BBF65A79-01A6-4B6C-86A5-DE38555B0339}.Release|Any CPU.Deploy.0 = Release|Any CPU
		{D5D7DA78-5FFF-4982-9406-27F1D5E663CA}.Debug|Any CPU.ActiveCfg = Debug|Any CPU
		{D5D7DA78-5FFF-4982-9406-27F1D5E663CA}.Debug|Any CPU.Build.0 = Debug|Any CPU
		{D5D7DA78-5FFF-4982-9406-27F1D5E663CA}.Debug|Any CPU.Deploy.0 = Debug|Any CPU
		{D5D7DA78-5FFF-4982-9406-27F1D5E663CA}.Release|Any CPU.ActiveCfg = Release|Any CPU
		{D5D7DA78-5FFF-4982-9406-27F1D5E663CA}.Release|Any CPU.Build.0 = Release|Any CPU
		{D5D7DA78-5FFF-4982-9406-27F1D5E663CA}.Release|Any CPU.Deploy.0 = Release|Any CPU
		{E603A3EB-391E-46C4-A880-123FD73C346E}.Debug|Any CPU.ActiveCfg = Debug|Any CPU
		{E603A3EB-391E-46C4-A880-123FD73C346E}.Debug|Any CPU.Build.0 = Debug|Any CPU
		{E603A3EB-391E-46C4-A880-123FD73C346E}.Debug|Any CPU.Deploy.0 = Debug|Any CPU
		{E603A3EB-391E-46C4-A880-123FD73C346E}.Release|Any CPU.ActiveCfg = Release|Any CPU
		{E603A3EB-391E-46C4-A880-123FD73C346E}.Release|Any CPU.Build.0 = Release|Any CPU
		{E603A3EB-391E-46C4-A880-123FD73C346E}.Release|Any CPU.Deploy.0 = Release|Any CPU
		{EABB651F-0F58-4FCE-ACCB-F51D65DE497D}.Debug|Any CPU.ActiveCfg = Debug|Any CPU
		{EABB651F-0F58-4FCE-ACCB-F51D65DE497D}.Debug|Any CPU.Build.0 = Debug|Any CPU
		{EABB651F-0F58-4FCE-ACCB-F51D65DE497D}.Debug|Any CPU.Deploy.0 = Debug|Any CPU
		{EABB651F-0F58-4FCE-ACCB-F51D65DE497D}.Release|Any CPU.ActiveCfg = Release|Any CPU
		{EABB651F-0F58-4FCE-ACCB-F51D65DE497D}.Release|Any CPU.Build.0 = Release|Any CPU
		{EABB651F-0F58-4FCE-ACCB-F51D65DE497D}.Release|Any CPU.Deploy.0 = Release|Any CPU
		{EAE5FEA6-6290-4143-8DCF-3B0EC6B3F956}.Debug|Any CPU.ActiveCfg = Debug|Any CPU
		{EAE5FEA6-6290-4143-8DCF-3B0EC6B3F956}.Debug|Any CPU.Build.0 = Debug|Any CPU
		{EAE5FEA6-6290-4143-8DCF-3B0EC6B3F956}.Debug|Any CPU.Deploy.0 = Debug|Any CPU
		{EAE5FEA6-6290-4143-8DCF-3B0EC6B3F956}.Release|Any CPU.ActiveCfg = Release|Any CPU
		{EAE5FEA6-6290-4143-8DCF-3B0EC6B3F956}.Release|Any CPU.Build.0 = Release|Any CPU
		{EAE5FEA6-6290-4143-8DCF-3B0EC6B3F956}.Release|Any CPU.Deploy.0 = Release|Any CPU
	EndGlobalSection
EndGlobal
